
Microsoft Visual Studio Solution File, Format Version 12.00
# Visual Studio Version 16
VisualStudioVersion = 16.0.29911.84
MinimumVisualStudioVersion = 10.0.40219.1
Project("{FAE04EC0-301F-11D3-BF4B-00C04F79EFBC}") = "Meds", "Meds.csproj", "{2E9DFE41-D368-4AB5-96B2-8D70948A3C6F}"
EndProject
Project("{2150E333-8FDC-42A3-9474-1A3956D46DE8}") = "Solution Items", "Solution Items", "{94D1F6D8-18CF-4F29-B72A-245D57C37AC1}"
	ProjectSection(SolutionItems) = preProject
		Med.mdf = Med.mdf
		Med_log.ldf = Med_log.ldf
	EndProjectSection
EndProject
Global
	GlobalSection(SolutionConfigurationPlatforms) = preSolution
		Debug|Any CPU = Debug|Any CPU
		Release|Any CPU = Release|Any CPU
	EndGlobalSection
	GlobalSection(ProjectConfigurationPlatforms) = postSolution
		{2E9DFE41-D368-4AB5-96B2-8D70948A3C6F}.Debug|Any CPU.ActiveCfg = Debug|Any CPU
		{2E9DFE41-D368-4AB5-96B2-8D70948A3C6F}.Debug|Any CPU.Build.0 = Debug|Any CPU
		{2E9DFE41-D368-4AB5-96B2-8D70948A3C6F}.Release|Any CPU.ActiveCfg = Release|Any CPU
		{2E9DFE41-D368-4AB5-96B2-8D70948A3C6F}.Release|Any CPU.Build.0 = Release|Any CPU
	EndGlobalSection
	GlobalSection(SolutionProperties) = preSolution
		HideSolutionNode = FALSE
	EndGlobalSection
	GlobalSection(ExtensibilityGlobals) = postSolution
		SolutionGuid = {C1798F1A-869D-48E5-8911-B982A9596525}
	EndGlobalSection
EndGlobal
